
Microsoft Visual Studio Solution File, Format Version 12.00
# Visual Studio 15
VisualStudioVersion = 15.0.28010.2016
MinimumVisualStudioVersion = 10.0.40219.1
Project("{FAE04EC0-301F-11D3-BF4B-00C04F79EFBC}") = "MbLib", "MbLib\MbLib.csproj", "{B37E73B9-1C44-48A1-89AF-F0BDCDFE1156}"
EndProject
Project("{FAE04EC0-301F-11D3-BF4B-00C04F79EFBC}") = "MbCmd", "MbCmd\MbCmd.csproj", "{1DC73A28-DFC2-4606-B9F1-7ED30F063357}"
EndProject
Global
	GlobalSection(SolutionConfigurationPlatforms) = preSolution
		Debug|Any CPU = Debug|Any CPU
		Release|Any CPU = Release|Any CPU
	EndGlobalSection
	GlobalSection(ProjectConfigurationPlatforms) = postSolution
		{B37E73B9-1C44-48A1-89AF-F0BDCDFE1156}.Debug|Any CPU.ActiveCfg = Debug|Any CPU
		{B37E73B9-1C44-48A1-89AF-F0BDCDFE1156}.Debug|Any CPU.Build.0 = Debug|Any CPU
		{B37E73B9-1C44-48A1-89AF-F0BDCDFE1156}.Release|Any CPU.ActiveCfg = Release|Any CPU
		{B37E73B9-1C44-48A1-89AF-F0BDCDFE1156}.Release|Any CPU.Build.0 = Release|Any CPU
		{1DC73A28-DFC2-4606-B9F1-7ED30F063357}.Debug|Any CPU.ActiveCfg = Debug|Any CPU
		{1DC73A28-DFC2-4606-B9F1-7ED30F063357}.Debug|Any CPU.Build.0 = Debug|Any CPU
		{1DC73A28-DFC2-4606-B9F1-7ED30F063357}.Release|Any CPU.ActiveCfg = Release|Any CPU
		{1DC73A28-DFC2-4606-B9F1-7ED30F063357}.Release|Any CPU.Build.0 = Release|Any CPU
	EndGlobalSection
	GlobalSection(SolutionProperties) = preSolution
		HideSolutionNode = FALSE
	EndGlobalSection
	GlobalSection(ExtensibilityGlobals) = postSolution
		SolutionGuid = {33482F34-6895-411B-A34A-C2637CC12A08}
	EndGlobalSection
EndGlobal
